Microsoft Visual Studio Solution File, Format Version 12.00
# Visual Studio Version 17
VisualStudioVersion = 17.5.2.0
MinimumVisualStudioVersion = 10.0.40219.1
Project("{FAE04EC0-301F-11D3-BF4B-00C04F79EFBC}") = "exsampleTestBe", "exsampleTestBe.csproj", "{D5426EFA-BA29-D36A-31A2-97E5234AE4B6}"
EndProject
Global
	GlobalSection(SolutionConfigurationPlatforms) = preSolution
		Debug|Any CPU = Debug|Any CPU
		Release|Any CPU = Release|Any CPU
	EndGlobalSection
	GlobalSection(ProjectConfigurationPlatforms) = postSolution
		{D5426EFA-BA29-D36A-31A2-97E5234AE4B6}.Debug|Any CPU.ActiveCfg = Debug|Any CPU
		{D5426EFA-BA29-D36A-31A2-97E5234AE4B6}.Debug|Any CPU.Build.0 = Debug|Any CPU
		{D5426EFA-BA29-D36A-31A2-97E5234AE4B6}.Release|Any CPU.ActiveCfg = Release|Any CPU
		{D5426EFA-BA29-D36A-31A2-97E5234AE4B6}.Release|Any CPU.Build.0 = Release|Any CPU
	EndGlobalSection
	GlobalSection(SolutionProperties) = preSolution
		HideSolutionNode = FALSE
	EndGlobalSection
	GlobalSection(ExtensibilityGlobals) = postSolution
		SolutionGuid = {3D0B7256-7A80-4B29-9569-4DB9357545F5}
	EndGlobalSection
EndGlobal
